// !$*UTF8*$!
{
	archiveVersion = 1;
	classes = {
	};
	objectVersion = 48;
	objects = {

/* Begin PBXBuildFile section */
		08E75EB720625BED00FB4BCF /* AppDelegate.swift in Sources */ = {isa = PBXBuildFile; fileRef = 08E75EB620625BED00FB4BCF /* AppDelegate.swift */; };
		08E75EB920625BED00FB4BCF /* ViewController.swift in Sources */ = {isa = PBXBuildFile; fileRef = 08E75EB820625BED00FB4BCF /* ViewController.swift */; };
		08E75EBC20625BED00FB4BCF /* Main.storyboard in Resources */ = {isa = PBXBuildFile; fileRef = 08E75EBA20625BED00FB4BCF /* Main.storyboard */; };
		08E75EBF20625BED00FB4BCF /* ModuleSwift.xcdatamodeld in Sources */ = {isa = PBXBuildFile; fileRef = 08E75EBD20625BED00FB4BCF /* ModuleSwift.xcdatamodeld */; };
		08E75EC120625BED00FB4BCF /* Assets.xcassets in Resources */ = {isa = PBXBuildFile; fileRef = 08E75EC020625BED00FB4BCF /* Assets.xcassets */; };
		08E75EC420625BED00FB4BCF /* LaunchScreen.storyboard in Resources */ = {isa = PBXBuildFile; fileRef = 08E75EC220625BED00FB4BCF /* LaunchScreen.storyboard */; };
/* End PBXBuildFile section */

/* Begin PBXFileReference section */
		08E75EB320625BED00FB4BCF /* ModuleSwift.app */ = {isa = PBXFileReference; explicitFileType = wrapper.application; includeInIndex = 0; path = ModuleSwift.app; sourceTree = BUILT_PRODUCTS_DIR; };
		08E75EB620625BED00FB4BCF /* AppDelegate.swift */ = {isa = PBXFileReference; lastKnownFileType = sourcecode.swift; path = AppDelegate.swift; sourceTree = "<group>"; };
		08E75EB820625BED00FB4BCF /* ViewController.swift */ = {isa = PBXFileReference; lastKnownFileType = sourcecode.swift; path = ViewController.swift; sourceTree = "<group>"; };
		08E75EBB20625BED00FB4BCF /* Base */ = {isa = PBXFileReference; lastKnownFileType = file.storyboard; name = Base; path = Base.lproj/Main.storyboard; sourceTree = "<group>"; };
		08E75EBE20625BED00FB4BCF /* ModuleSwift.xcdatamodel */ = {isa = PBXFileReference; lastKnownFileType = wrapper.xcdatamodel; path = ModuleSwift.xcdatamodel; sourceTree = "<group>"; };
		08E75EC020625BED00FB4BCF /* Assets.xcassets */ = {isa = PBXFileReference; lastKnownFileType = folder.assetcatalog; path = Assets.xcassets; sourceTree = "<group>"; };
		08E75EC320625BED00FB4BCF /* Base */ = {isa = PBXFileReference; lastKnownFileType = file.storyboard; name = Base; path = Base.lproj/LaunchScreen.storyboard; sourceTree = "<group>"; };
		08E75EC520625BED00FB4BCF /* Info.plist */ = {isa = PBXFileReference; lastKnownFileType = text.plist.xml; path = Info.plist; sourceTree = "<group>"; };
/* End PBXFileReference section */

/* Begin PBXFrameworksBuildPhase section */
		08E75EB020625BED00FB4BCF /* Frameworks */ = {
			isa = PBXFrameworksBuildPhase;
			buildActionMask = 2147483647;
			files = (
			);
			runOnlyForDeploymentPostprocessing = 0;
		};
/* End PBXFrameworksBuildPhase section */

/* Begin PBXGroup section */
		08E75EAA20625BED00FB4BCF = {
			isa = PBXGroup;
			children = (
				08E75EB520625BED00FB4BCF /* ModuleSwift */,
				08E75EB420625BED00FB4BCF /* Products */,
			);
			sourceTree = "<group>";
		};
		08E75EB420625BED00FB4BCF /* Products */ = {
			isa = PBXGroup;
			children = (
				08E75EB320625BED00FB4BCF /* ModuleSwift.app */,
			);
			name = Products;
			sourceTree = "<group>";
		};
		08E75EB520625BED00FB4BCF /* ModuleSwift */ = {
			isa = PBXGroup;
			children = (
				08E75EB620625BED00FB4BCF /* AppDelegate.swift */,
				08E75EB820625BED00FB4BCF /* ViewController.swift */,
				08E75EBA20625BED00FB4BCF /* Main.storyboard */,
				08E75EC020625BED00FB4BCF /* Assets.xcassets */,
				08E75EC220625BED00FB4BCF /* LaunchScreen.storyboard */,
				08E75EC520625BED00FB4BCF /* Info.plist */,
				08E75EBD20625BED00FB4BCF /* ModuleSwift.xcdatamodeld */,
			);
			path = ModuleSwift;
			sourceTree = "<group>";
		};
/* End PBXGroup section */

/* Begin PBXNativeTarget section */
		08E75EB220625BED00FB4BCF /* ModuleSwift */ = {
			isa = PBXNativeTarget;
			buildConfigurationList = 08E75EC820625BED00FB4BCF /* Build configuration list for PBXNativeTarget "ModuleSwift" */;
			buildPhases = (
				08E75EAF20625BED00FB4BCF /* Sources */,
				08E75EB020625BED00FB4BCF /* Frameworks */,
				08E75EB120625BED00FB4BCF /* Resources */,
			);
			buildRules = (
			);
			dependencies = (
			);
			name = ModuleSwift;
			productName = ModuleSwift;
			productReference = 08E75EB320625BED00FB4BCF /* ModuleSwift.app */;
			productType = "com.apple.product-type.application";
		};
/* End PBXNativeTarget section */

/* Begin PBXProject section */
		08E75EAB20625BED00FB4BCF /* Project object */ = {
			isa = PBXProject;
			attributes = {
				LastSwiftUpdateCheck = 0920;
				LastUpgradeCheck = 0920;
				ORGANIZATIONNAME = CSSCORP;
				TargetAttributes = {
					08E75EB220625BED00FB4BCF = {
						CreatedOnToolsVersion = 9.2;
						ProvisioningStyle = Automatic;
					};
				};
			};
			buildConfigurationList = 08E75EAE20625BED00FB4BCF /* Build configuration list for PBXProject "ModuleSwift" */;
			compatibilityVersion = "Xcode 8.0";
			developmentRegion = en;
			hasScannedForEncodings = 0;
			knownRegions = (
				en,
				Base,
			);
			mainGroup = 08E75EAA20625BED00FB4BCF;
			productRefGroup = 08E75EB420625BED00FB4BCF /* Products */;
			projectDirPath = "";
			projectRoot = "";
			targets = (
				08E75EB220625BED00FB4BCF /* ModuleSwift */,
			);
		};
/* End PBXProject section */

/* Begin PBXResourcesBuildPhase section */
		08E75EB120625BED00FB4BCF /* Resources */ = {
			isa = PBXResourcesBuildPhase;
			buildActionMask = 2147483647;
			files = (
				08E75EC420625BED00FB4BCF /* LaunchScreen.storyboard in Resources */,
				08E75EC120625BED00FB4BCF /* Assets.xcassets in Resources */,
				08E75EBC20625BED00FB4BCF /* Main.storyboard in Resources */,
			);
			runOnlyForDeploymentPostprocessing = 0;
		};
/* End PBXResourcesBuildPhase section */

/* Begin PBXSourcesBuildPhase section */
		08E75EAF20625BED00FB4BCF /* Sources */ = {
			isa = PBXSourcesBuildPhase;
			buildActionMask = 2147483647;
			files = (
				08E75EB920625BED00FB4BCF /* ViewController.swift in Sources */,
				08E75EBF20625BED00FB4BCF /* ModuleSwift.xcdatamodeld in Sources */,
				08E75EB720625BED00FB4BCF /* AppDelegate.swift in Sources */,
			);
			runOnlyForDeploymentPostprocessing = 0;
		};
/* End PBXSourcesBuildPhase section */

/* Begin PBXVariantGroup section */
		08E75EBA20625BED00FB4BCF /* Main.storyboard */ = {
			isa = PBXVariantGroup;
			children = (
				08E75EBB20625BED00FB4BCF /* Base */,
			);
			name = Main.storyboard;
			sourceTree = "<group>";
		};
		08E75EC220625BED00FB4BCF /* LaunchScreen.storyboard */ = {
			isa = PBXVariantGroup;
			children = (
				08E75EC320625BED00FB4BCF /* Base */,
			);
			name = LaunchScreen.storyboard;
			sourceTree = "<group>";
		};
/* End PBXVariantGroup section */

/* Begin XCBuildConfiguration section */
		08E75EC620625BED00FB4BCF /* Debug */ = {
			isa = XCBuildConfiguration;
			buildSettings = {
				ALWAYS_SEARCH_USER_PATHS = NO;
				CLANG_ANALYZER_NONNULL = YES;
				CLANG_ANALYZER_NUMBER_OBJECT_CONVERSION = YES_AGGRESSIVE;
				CLANG_CXX_LANGUAGE_STANDARD = "gnu++14";
				CLANG_CXX_LIBRARY = "libc++";
				CLANG_ENABLE_MODULES = YES;
				CLANG_ENABLE_OBJC_ARC = YES;
				CLANG_WARN_BLOCK_CAPTURE_AUTORELEASING = YES;
				CLANG_WARN_BOOL_CONVERSION = YES;
				CLANG_WARN_COMMA = YES;
				CLANG_WARN_CONSTANT_CONVERSION = YES;
				CLANG_WARN_DIRECT_OBJC_ISA_USAGE = YES_ERROR;
				CLANG_WARN_DOCUMENTATION_COMMENTS = YES;
				CLANG_WARN_EMPTY_BODY = YES;
				CLANG_WARN_ENUM_CONVERSION = YES;
				CLANG_WARN_INFINITE_RECURSION = YES;
				CLANG_WARN_INT_CONVERSION = YES;
				CLANG_WARN_NON_LITERAL_NULL_CONVERSION = YES;
				CLANG_WARN_OBJC_LITERAL_CONVERSION = YES;
				CLANG_WARN_OBJC_ROOT_CLASS = YES_ERROR;
				CLANG_WARN_RANGE_LOOP_ANALYSIS = YES;
				CLANG_WARN_STRICT_PROTOTYPES = YES;
				CLANG_WARN_SUSPICIOUS_MOVE = YES;
				CLANG_WARN_UNGUARDED_AVAILABILITY = YES_AGGRESSIVE;
				CLANG_WARN_UNREACHABLE_CODE = YES;
				CLANG_WARN__DUPLICATE_METHOD_MATCH = YES;
				CODE_SIGN_IDENTITY = "iPhone Developer";
				COPY_PHASE_STRIP = NO;
				DEBUG_INFORMATION_FORMAT = dwarf;
				ENABLE_STRICT_OBJC_MSGSEND = YES;
				ENABLE_TESTABILITY = YES;
				GCC_C_LANGUAGE_STANDARD = gnu11;
				GCC_DYNAMIC_NO_PIC = NO;
				GCC_NO_COMMON_BLOCKS = YES;
				GCC_OPTIMIZATION_LEVEL = 0;
				GCC_PREPROCESSOR_DEFINITIONS = (
					"DEBUG=1",
					"$(inherited)",
				);
				GCC_WARN_64_TO_32_BIT_CONVERSION = YES;
				GCC_WARN_ABOUT_RETURN_TYPE = YES_ERROR;
				GCC_WARN_UNDECLARED_SELECTOR = YES;
				GCC_WARN_UNINITIALIZED_AUTOS = YES_AGGRESSIVE;
				GCC_WARN_UNUSED_FUNCTION = YES;
				GCC_WARN_UNUSED_VARIABLE = YES;
				IPHONEOS_DEPLOYMENT_TARGET = 11.2;
				MTL_ENABLE_DEBUG_INFO = YES;
				ONLY_ACTIVE_ARCH = YES;
				SDKROOT = iphoneos;
				SWIFT_ACTIVE_COMPILATION_CONDITIONS = DEBUG;
				SWIFT_OPTIMIZATION_LEVEL = "-Onone";
			};
			name = Debug;
		};
		08E75EC720625BED00FB4BCF /* Release */ = {
			isa = XCBuildConfiguration;
			buildSettings = {
				ALWAYS_SEARCH_USER_PATHS = NO;
				CLANG_ANALYZER_NONNULL = YES;
				CLANG_ANALYZER_NUMBER_OBJECT_CONVERSION = YES_AGGRESSIVE;
				CLANG_CXX_LANGUAGE_STANDARD = "gnu++14";
				CLANG_CXX_LIBRARY = "libc++";
				CLANG_ENABLE_MODULES = YES;
				CLANG_ENABLE_OBJC_ARC = YES;
				CLANG_WARN_BLOCK_CAPTURE_AUTORELEASING = YES;
				CLANG_WARN_BOOL_CONVERSION = YES;
				CLANG_WARN_COMMA = YES;
				CLANG_WARN_CONSTANT_CONVERSION = YES;
				CLANG_WARN_DIRECT_OBJC_ISA_USAGE = YES_ERROR;
				CLANG_WARN_DOCUMENTATION_COMMENTS = YES;
				CLANG_WARN_EMPTY_BODY = YES;
				CLANG_WARN_ENUM_CONVERSION = YES;
				CLANG_WARN_INFINITE_RECURSION = YES;
				CLANG_WARN_INT_CONVERSION = YES;
				CLANG_WARN_NON_LITERAL_NULL_CONVERSION = YES;
				CLANG_WARN_OBJC_LITERAL_CONVERSION = YES;
				CLANG_WARN_OBJC_ROOT_CLASS = YES_ERROR;
				CLANG_WARN_RANGE_LOOP_ANALYSIS = YES;
				CLANG_WARN_STRICT_PROTOTYPES = YES;
				CLANG_WARN_SUSPICIOUS_MOVE = YES;
				CLANG_WARN_UNGUARDED_AVAILABILITY = YES_AGGRESSIVE;
				CLANG_WARN_UNREACHABLE_CODE = YES;
				CLANG_WARN__DUPLICATE_METHOD_MATCH = YES;
				CODE_SIGN_IDENTITY = "iPhone Developer";
				COPY_PHASE_STRIP = NO;
				DEBUG_INFORMATION_FORMAT = "dwarf-with-dsym";
				ENABLE_NS_ASSERTIONS = NO;
				ENABLE_STRICT_OBJC_MSGSEND = YES;
				GCC_C_LANGUAGE_STANDARD = gnu11;
				GCC_NO_COMMON_BLOCKS = YES;
				GCC_WARN_64_TO_32_BIT_CONVERSION = YES;
				GCC_WARN_ABOUT_RETURN_TYPE = YES_ERROR;
				GCC_WARN_UNDECLARED_SELECTOR = YES;
				GCC_WARN_UNINITIALIZED_AUTOS = YES_AGGRESSIVE;
				GCC_WARN_UNUSED_FUNCTION = YES;
				GCC_WARN_UNUSED_VARIABLE = YES;
				IPHONEOS_DEPLOYMENT_TARGET = 11.2;
				MTL_ENABLE_DEBUG_INFO = NO;
				SDKROOT = iphoneos;
				SWIFT_OPTIMIZATION_LEVEL = "-Owholemodule";
				VALIDATE_PRODUCT = YES;
			};
			name = Release;
		};
		08E75EC920625BED00FB4BCF /* Debug */ = {
			isa = XCBuildConfiguration;
			buildSettings = {
				ASSETCATALOG_COMPILER_APPICON_NAME = AppIcon;
				CODE_SIGN_STYLE = Automatic;
				INFOPLIST_FILE = ModuleSwift/Info.plist;
				LD_RUNPATH_SEARCH_PATHS = "$(inherited) @executable_path/Frameworks";
				PRODUCT_BUNDLE_IDENTIFIER = com.csscorp.ModuleSwift;
				PRODUCT_NAME = "$(TARGET_NAME)";
				SWIFT_VERSION = 4.0;
				TARGETED_DEVICE_FAMILY = "1,2";
			};
			name = Debug;
		};
		08E75ECA20625BED00FB4BCF /* Release */ = {
			isa = XCBuildConfiguration;
			buildSettings = {
				ASSETCATALOG_COMPILER_APPICON_NAME = AppIcon;
				CODE_SIGN_STYLE = Automatic;
				INFOPLIST_FILE = ModuleSwift/Info.plist;
				LD_RUNPATH_SEARCH_PATHS = "$(inherited) @executable_path/Frameworks";
				PRODUCT_BUNDLE_IDENTIFIER = com.csscorp.ModuleSwift;
				PRODUCT_NAME = "$(TARGET_NAME)";
				SWIFT_VERSION = 4.0;
				TARGETED_DEVICE_FAMILY = "1,2";
			};
			name = Release;
		};
/* End XCBuildConfiguration section */

/* Begin XCConfigurationList section */
		08E75EAE20625BED00FB4BCF /* Build configuration list for PBXProject "ModuleSwift" */ = {
			isa = XCConfigurationList;
			buildConfigurations = (
				08E75EC620625BED00FB4BCF /* Debug */,
				08E75EC720625BED00FB4BCF /* Release */,
			);
			defaultConfigurationIsVisible = 0;
			defaultConfigurationName = Release;
		};
		08E75EC820625BED00FB4BCF /* Build configuration list for PBXNativeTarget "ModuleSwift" */ = {
			isa = XCConfigurationList;
			buildConfigurations = (
				08E75EC920625BED00FB4BCF /* Debug */,
				08E75ECA20625BED00FB4BCF /* Release */,
			);
			defaultConfigurationIsVisible = 0;
			defaultConfigurationName = Release;
		};
/* End XCConfigurationList section */

/* Begin XCVersionGroup section */
		08E75EBD20625BED00FB4BCF /* ModuleSwift.xcdatamodeld */ = {
			isa = XCVersionGroup;
			children = (
				08E75EBE20625BED00FB4BCF /* ModuleSwift.xcdatamodel */,
			);
			currentVersion = 08E75EBE20625BED00FB4BCF /* ModuleSwift.xcdatamodel */;
			path = ModuleSwift.xcdatamodeld;
			sourceTree = "<group>";
			versionGroupType = wrapper.xcdatamodel;
		};
/* End XCVersionGroup section */
	};
	rootObject = 08E75EAB20625BED00FB4BCF /* Project object */;
}
